
Microsoft Visual Studio Solution File, Format Version 12.00
# Visual Studio Version 16
VisualStudioVersion = 16.0.31624.102
MinimumVisualStudioVersion = 10.0.40219.1
Project("{9A19103F-16F7-4668-BE54-9A1E7A4F7556}") = "AdFormsAssignment", "AdFormsAssignment\AdFormsAssignment.csproj", "{3F9AF87A-FD5C-4BF2-A582-CE9AF4C30741}"
EndProject
Project("{9A19103F-16F7-4668-BE54-9A1E7A4F7556}") = "AdFormAssignment.DAL", "AdFormAssignment.DAL\AdFormAssignment.DAL.csproj", "{AB686673-FF4D-4917-9E88-320690E7BE58}"
EndProject
Project("{9A19103F-16F7-4668-BE54-9A1E7A4F7556}") = "AdFormsAssignment.BLL", "AdFormsAssignment.BLL\AdFormsAssignment.BLL.csproj", "{C53A34CD-3B00-4B23-BB22-024EBAC4CD32}"
EndProject
Project("{FAE04EC0-301F-11D3-BF4B-00C04F79EFBC}") = "AdFormsAssignment.Tests", "AdFormsAssignment.Tests\AdFormsAssignment.Tests.csproj", "{FAD304F3-D77E-420B-A349-0F0569BD05A0}"
EndProject
Global
	GlobalSection(SolutionConfigurationPlatforms) = preSolution
		Debug|Any CPU = Debug|Any CPU
		Release|Any CPU = Release|Any CPU
	EndGlobalSection
	GlobalSection(ProjectConfigurationPlatforms) = postSolution
		{3F9AF87A-FD5C-4BF2-A582-CE9AF4C30741}.Debug|Any CPU.ActiveCfg = Debug|Any CPU
		{3F9AF87A-FD5C-4BF2-A582-CE9AF4C30741}.Debug|Any CPU.Build.0 = Debug|Any CPU
		{3F9AF87A-FD5C-4BF2-A582-CE9AF4C30741}.Release|Any CPU.ActiveCfg = Release|Any CPU
		{3F9AF87A-FD5C-4BF2-A582-CE9AF4C30741}.Release|Any CPU.Build.0 = Release|Any CPU
		{AB686673-FF4D-4917-9E88-320690E7BE58}.Debug|Any CPU.ActiveCfg = Debug|Any CPU
		{AB686673-FF4D-4917-9E88-320690E7BE58}.Debug|Any CPU.Build.0 = Debug|Any CPU
		{AB686673-FF4D-4917-9E88-320690E7BE58}.Release|Any CPU.ActiveCfg = Release|Any CPU
		{AB686673-FF4D-4917-9E88-320690E7BE58}.Release|Any CPU.Build.0 = Release|Any CPU
		{C53A34CD-3B00-4B23-BB22-024EBAC4CD32}.Debug|Any CPU.ActiveCfg = Debug|Any CPU
		{C53A34CD-3B00-4B23-BB22-024EBAC4CD32}.Debug|Any CPU.Build.0 = Debug|Any CPU
		{C53A34CD-3B00-4B23-BB22-024EBAC4CD32}.Release|Any CPU.ActiveCfg = Release|Any CPU
		{C53A34CD-3B00-4B23-BB22-024EBAC4CD32}.Release|Any CPU.Build.0 = Release|Any CPU
		{FAD304F3-D77E-420B-A349-0F0569BD05A0}.Debug|Any CPU.ActiveCfg = Debug|Any CPU
		{FAD304F3-D77E-420B-A349-0F0569BD05A0}.Debug|Any CPU.Build.0 = Debug|Any CPU
		{FAD304F3-D77E-420B-A349-0F0569BD05A0}.Release|Any CPU.ActiveCfg = Release|Any CPU
		{FAD304F3-D77E-420B-A349-0F0569BD05A0}.Release|Any CPU.Build.0 = Release|Any CPU
	EndGlobalSection
	GlobalSection(SolutionProperties) = preSolution
		HideSolutionNode = FALSE
	EndGlobalSection
	GlobalSection(ExtensibilityGlobals) = postSolution
		SolutionGuid = {952861D9-9B17-4A61-BFF7-CE37A22562B8}
	EndGlobalSection
EndGlobal
